// !$*UTF8*$!
{
	archiveVersion = 1;
	classes = {
	};
	objectVersion = 46;
	objects = {

/* Begin PBXBuildFile section */
		10DA09131BBAB6A100834634 /* main.m in Sources */ = {isa = PBXBuildFile; fileRef = 10DA09121BBAB6A100834634 /* main.m */; };
		10DA09161BBAB6A100834634 /* AppDelegate.m in Sources */ = {isa = PBXBuildFile; fileRef = 10DA09151BBAB6A100834634 /* AppDelegate.m */; };
		10DA09191BBAB6A100834634 /* ViewController.m in Sources */ = {isa = PBXBuildFile; fileRef = 10DA09181BBAB6A100834634 /* ViewController.m */; };
		10DA091C1BBAB6A100834634 /* Main.storyboard in Resources */ = {isa = PBXBuildFile; fileRef = 10DA091A1BBAB6A100834634 /* Main.storyboard */; };
		10DA091E1BBAB6A100834634 /* Assets.xcassets in Resources */ = {isa = PBXBuildFile; fileRef = 10DA091D1BBAB6A100834634 /* Assets.xcassets */; };
		10DA09211BBAB6A100834634 /* LaunchScreen.storyboard in Resources */ = {isa = PBXBuildFile; fileRef = 10DA091F1BBAB6A100834634 /* LaunchScreen.storyboard */; };
		10DA092C1BBAB6A100834634 /* SingletonPatternTests.m in Sources */ = {isa = PBXBuildFile; fileRef = 10DA092B1BBAB6A100834634 /* SingletonPatternTests.m */; };
		10DA09371BBAB6A100834634 /* SingletonPatternUITests.m in Sources */ = {isa = PBXBuildFile; fileRef = 10DA09361BBAB6A100834634 /* SingletonPatternUITests.m */; };
/* End PBXBuildFile section */

/* Begin PBXContainerItemProxy section */
		10DA09281BBAB6A100834634 /* PBXContainerItemProxy */ = {
			isa = PBXContainerItemProxy;
			containerPortal = 10DA09061BBAB6A100834634 /* Project object */;
			proxyType = 1;
			remoteGlobalIDString = 10DA090D1BBAB6A100834634;
			remoteInfo = SingletonPattern;
		};
		10DA09331BBAB6A100834634 /* PBXContainerItemProxy */ = {
			isa = PBXContainerItemProxy;
			containerPortal = 10DA09061BBAB6A100834634 /* Project object */;
			proxyType = 1;
			remoteGlobalIDString = 10DA090D1BBAB6A100834634;
			remoteInfo = SingletonPattern;
		};
/* End PBXContainerItemProxy section */

/* Begin PBXFileReference section */
		10DA090E1BBAB6A100834634 /* SingletonPattern.app */ = {isa = PBXFileReference; explicitFileType = wrapper.application; includeInIndex = 0; path = SingletonPattern.app; sourceTree = BUILT_PRODUCTS_DIR; };
		10DA09121BBAB6A100834634 /* main.m */ = {isa = PBXFileReference; lastKnownFileType = sourcecode.c.objc; path = main.m; sourceTree = "<group>"; };
		10DA09141BBAB6A100834634 /* AppDelegate.h */ = {isa = PBXFileReference; lastKnownFileType = sourcecode.c.h; path = AppDelegate.h; sourceTree = "<group>"; };
		10DA09151BBAB6A100834634 /* AppDelegate.m */ = {isa = PBXFileReference; lastKnownFileType = sourcecode.c.objc; path = AppDelegate.m; sourceTree = "<group>"; };
		10DA09171BBAB6A100834634 /* ViewController.h */ = {isa = PBXFileReference; lastKnownFileType = sourcecode.c.h; path = ViewController.h; sourceTree = "<group>"; };
		10DA09181BBAB6A100834634 /* ViewController.m */ = {isa = PBXFileReference; lastKnownFileType = sourcecode.c.objc; path = ViewController.m; sourceTree = "<group>"; };
		10DA091B1BBAB6A100834634 /* Base */ = {isa = PBXFileReference; lastKnownFileType = file.storyboard; name = Base; path = Base.lproj/Main.storyboard; sourceTree = "<group>"; };
		10DA091D1BBAB6A100834634 /* Assets.xcassets */ = {isa = PBXFileReference; lastKnownFileType = folder.assetcatalog; path = Assets.xcassets; sourceTree = "<group>"; };
		10DA09201BBAB6A100834634 /* Base */ = {isa = PBXFileReference; lastKnownFileType = file.storyboard; name = Base; path = Base.lproj/LaunchScreen.storyboard; sourceTree = "<group>"; };
		10DA09221BBAB6A100834634 /* Info.plist */ = {isa = PBXFileReference; lastKnownFileType = text.plist.xml; path = Info.plist; sourceTree = "<group>"; };
		10DA09271BBAB6A100834634 /* SingletonPatternTests.xctest */ = {isa = PBXFileReference; explicitFileType = wrapper.cfbundle; includeInIndex = 0; path = SingletonPatternTests.xctest; sourceTree = BUILT_PRODUCTS_DIR; };
		10DA092B1BBAB6A100834634 /* SingletonPatternTests.m */ = {isa = PBXFileReference; lastKnownFileType = sourcecode.c.objc; path = SingletonPatternTests.m; sourceTree = "<group>"; };
		10DA092D1BBAB6A100834634 /* Info.plist */ = {isa = PBXFileReference; lastKnownFileType = text.plist.xml; path = Info.plist; sourceTree = "<group>"; };
		10DA09321BBAB6A100834634 /* SingletonPatternUITests.xctest */ = {isa = PBXFileReference; explicitFileType = wrapper.cfbundle; includeInIndex = 0; path = SingletonPatternUITests.xctest; sourceTree = BUILT_PRODUCTS_DIR; };
		10DA09361BBAB6A100834634 /* SingletonPatternUITests.m */ = {isa = PBXFileReference; lastKnownFileType = sourcecode.c.objc; path = SingletonPatternUITests.m; sourceTree = "<group>"; };
		10DA09381BBAB6A100834634 /* Info.plist */ = {isa = PBXFileReference; lastKnownFileType = text.plist.xml; path = Info.plist; sourceTree = "<group>"; };
/* End PBXFileReference section */

/* Begin PBXFrameworksBuildPhase section */
		10DA090B1BBAB6A100834634 /* Frameworks */ = {
			isa = PBXFrameworksBuildPhase;
			buildActionMask = 2147483647;
			files = (
			);
			runOnlyForDeploymentPostprocessing = 0;
		};
		10DA09241BBAB6A100834634 /* Frameworks */ = {
			isa = PBXFrameworksBuildPhase;
			buildActionMask = 2147483647;
			files = (
			);
			runOnlyForDeploymentPostprocessing = 0;
		};
		10DA092F1BBAB6A100834634 /* Frameworks */ = {
			isa = PBXFrameworksBuildPhase;
			buildActionMask = 2147483647;
			files = (
			);
			runOnlyForDeploymentPostprocessing = 0;
		};
/* End PBXFrameworksBuildPhase section */

/* Begin PBXGroup section */
		10DA09051BBAB6A100834634 = {
			isa = PBXGroup;
			children = (
				10DA09101BBAB6A100834634 /* SingletonPattern */,
				10DA092A1BBAB6A100834634 /* SingletonPatternTests */,
				10DA09351BBAB6A100834634 /* SingletonPatternUITests */,
				10DA090F1BBAB6A100834634 /* Products */,
			);
			sourceTree = "<group>";
		};
		10DA090F1BBAB6A100834634 /* Products */ = {
			isa = PBXGroup;
			children = (
				10DA090E1BBAB6A100834634 /* SingletonPattern.app */,
				10DA09271BBAB6A100834634 /* SingletonPatternTests.xctest */,
				10DA09321BBAB6A100834634 /* SingletonPatternUITests.xctest */,
			);
			name = Products;
			sourceTree = "<group>";
		};
		10DA09101BBAB6A100834634 /* SingletonPattern */ = {
			isa = PBXGroup;
			children = (
				10DA09141BBAB6A100834634 /* AppDelegate.h */,
				10DA09151BBAB6A100834634 /* AppDelegate.m */,
				10DA09171BBAB6A100834634 /* ViewController.h */,
				10DA09181BBAB6A100834634 /* ViewController.m */,
				10DA091A1BBAB6A100834634 /* Main.storyboard */,
				10DA091D1BBAB6A100834634 /* Assets.xcassets */,
				10DA091F1BBAB6A100834634 /* LaunchScreen.storyboard */,
				10DA09221BBAB6A100834634 /* Info.plist */,
				10DA09111BBAB6A100834634 /* Supporting Files */,
			);
			path = SingletonPattern;
			sourceTree = "<group>";
		};
		10DA09111BBAB6A100834634 /* Supporting Files */ = {
			isa = PBXGroup;
			children = (
				10DA09121BBAB6A100834634 /* main.m */,
			);
			name = "Supporting Files";
			sourceTree = "<group>";
		};
		10DA092A1BBAB6A100834634 /* SingletonPatternTests */ = {
			isa = PBXGroup;
			children = (
				10DA092B1BBAB6A100834634 /* SingletonPatternTests.m */,
				10DA092D1BBAB6A100834634 /* Info.plist */,
			);
			path = SingletonPatternTests;
			sourceTree = "<group>";
		};
		10DA09351BBAB6A100834634 /* SingletonPatternUITests */ = {
			isa = PBXGroup;
			children = (
				10DA09361BBAB6A100834634 /* SingletonPatternUITests.m */,
				10DA09381BBAB6A100834634 /* Info.plist */,
			);
			path = SingletonPatternUITests;
			sourceTree = "<group>";
		};
/* End PBXGroup section */

/* Begin PBXNativeTarget section */
		10DA090D1BBAB6A100834634 /* SingletonPattern */ = {
			isa = PBXNativeTarget;
			buildConfigurationList = 10DA093B1BBAB6A100834634 /* Build configuration list for PBXNativeTarget "SingletonPattern" */;
			buildPhases = (
				10DA090A1BBAB6A100834634 /* Sources */,
				10DA090B1BBAB6A100834634 /* Frameworks */,
				10DA090C1BBAB6A100834634 /* Resources */,
			);
			buildRules = (
			);
			dependencies = (
			);
			name = SingletonPattern;
			productName = SingletonPattern;
			productReference = 10DA090E1BBAB6A100834634 /* SingletonPattern.app */;
			productType = "com.apple.product-type.application";
		};
		10DA09261BBAB6A100834634 /* SingletonPatternTests */ = {
			isa = PBXNativeTarget;
			buildConfigurationList = 10DA093E1BBAB6A100834634 /* Build configuration list for PBXNativeTarget "SingletonPatternTests" */;
			buildPhases = (
				10DA09231BBAB6A100834634 /* Sources */,
				10DA09241BBAB6A100834634 /* Frameworks */,
				10DA09251BBAB6A100834634 /* Resources */,
			);
			buildRules = (
			);
			dependencies = (
				10DA09291BBAB6A100834634 /* PBXTargetDependency */,
			);
			name = SingletonPatternTests;
			productName = SingletonPatternTests;
			productReference = 10DA09271BBAB6A100834634 /* SingletonPatternTests.xctest */;
			productType = "com.apple.product-type.bundle.unit-test";
		};
		10DA09311BBAB6A100834634 /* SingletonPatternUITests */ = {
			isa = PBXNativeTarget;
			buildConfigurationList = 10DA09411BBAB6A100834634 /* Build configuration list for PBXNativeTarget "SingletonPatternUITests" */;
			buildPhases = (
				10DA092E1BBAB6A100834634 /* Sources */,
				10DA092F1BBAB6A100834634 /* Frameworks */,
				10DA09301BBAB6A100834634 /* Resources */,
			);
			buildRules = (
			);
			dependencies = (
				10DA09341BBAB6A100834634 /* PBXTargetDependency */,
			);
			name = SingletonPatternUITests;
			productName = SingletonPatternUITests;
			productReference = 10DA09321BBAB6A100834634 /* SingletonPatternUITests.xctest */;
			productType = "com.apple.product-type.bundle.ui-testing";
		};
/* End PBXNativeTarget section */

/* Begin PBXProject section */
		10DA09061BBAB6A100834634 /* Project object */ = {
			isa = PBXProject;
			attributes = {
				LastUpgradeCheck = 0700;
				ORGANIZATIONNAME = YouXianMing;
				TargetAttributes = {
					10DA090D1BBAB6A100834634 = {
						CreatedOnToolsVersion = 7.0;
					};
					10DA09261BBAB6A100834634 = {
						CreatedOnToolsVersion = 7.0;
						TestTargetID = 10DA090D1BBAB6A100834634;
					};
					10DA09311BBAB6A100834634 = {
						CreatedOnToolsVersion = 7.0;
						TestTargetID = 10DA090D1BBAB6A100834634;
					};
				};
			};
			buildConfigurationList = 10DA09091BBAB6A100834634 /* Build configuration list for PBXProject "SingletonPattern" */;
			compatibilityVersion = "Xcode 3.2";
			developmentRegion = English;
			hasScannedForEncodings = 0;
			knownRegions = (
				en,
				Base,
			);
			mainGroup = 10DA09051BBAB6A100834634;
			productRefGroup = 10DA090F1BBAB6A100834634 /* Products */;
			projectDirPath = "";
			projectRoot = "";
			targets = (
				10DA090D1BBAB6A100834634 /* SingletonPattern */,
				10DA09261BBAB6A100834634 /* SingletonPatternTests */,
				10DA09311BBAB6A100834634 /* SingletonPatternUITests */,
			);
		};
/* End PBXProject section */

/* Begin PBXResourcesBuildPhase section */
		10DA090C1BBAB6A100834634 /* Resources */ = {
			isa = PBXResourcesBuildPhase;
			buildActionMask = 2147483647;
			files = (
				10DA09211BBAB6A100834634 /* LaunchScreen.storyboard in Resources */,
				10DA091E1BBAB6A100834634 /* Assets.xcassets in Resources */,
				10DA091C1BBAB6A100834634 /* Main.storyboard in Resources */,
			);
			runOnlyForDeploymentPostprocessing = 0;
		};
		10DA09251BBAB6A100834634 /* Resources */ = {
			isa = PBXResourcesBuildPhase;
			buildActionMask = 2147483647;
			files = (
			);
			runOnlyForDeploymentPostprocessing = 0;
		};
		10DA09301BBAB6A100834634 /* Resources */ = {
			isa = PBXResourcesBuildPhase;
			buildActionMask = 2147483647;
			files = (
			);
			runOnlyForDeploymentPostprocessing = 0;
		};
/* End PBXResourcesBuildPhase section */

/* Begin PBXSourcesBuildPhase section */
		10DA090A1BBAB6A100834634 /* Sources */ = {
			isa = PBXSourcesBuildPhase;
			buildActionMask = 2147483647;
			files = (
				10DA09191BBAB6A100834634 /* ViewController.m in Sources */,
				10DA09161BBAB6A100834634 /* AppDelegate.m in Sources */,
				10DA09131BBAB6A100834634 /* main.m in Sources */,
			);
			runOnlyForDeploymentPostprocessing = 0;
		};
		10DA09231BBAB6A100834634 /* Sources */ = {
			isa = PBXSourcesBuildPhase;
			buildActionMask = 2147483647;
			files = (
				10DA092C1BBAB6A100834634 /* SingletonPatternTests.m in Sources */,
			);
			runOnlyForDeploymentPostprocessing = 0;
		};
		10DA092E1BBAB6A100834634 /* Sources */ = {
			isa = PBXSourcesBuildPhase;
			buildActionMask = 2147483647;
			files = (
				10DA09371BBAB6A100834634 /* SingletonPatternUITests.m in Sources */,
			);
			runOnlyForDeploymentPostprocessing = 0;
		};
/* End PBXSourcesBuildPhase section */

/* Begin PBXTargetDependency section */
		10DA09291BBAB6A100834634 /* PBXTargetDependency */ = {
			isa = PBXTargetDependency;
			target = 10DA090D1BBAB6A100834634 /* SingletonPattern */;
			targetProxy = 10DA09281BBAB6A100834634 /* PBXContainerItemProxy */;
		};
		10DA09341BBAB6A100834634 /* PBXTargetDependency */ = {
			isa = PBXTargetDependency;
			target = 10DA090D1BBAB6A100834634 /* SingletonPattern */;
			targetProxy = 10DA09331BBAB6A100834634 /* PBXContainerItemProxy */;
		};
/* End PBXTargetDependency section */

/* Begin PBXVariantGroup section */
		10DA091A1BBAB6A100834634 /* Main.storyboard */ = {
			isa = PBXVariantGroup;
			children = (
				10DA091B1BBAB6A100834634 /* Base */,
			);
			name = Main.storyboard;
			sourceTree = "<group>";
		};
		10DA091F1BBAB6A100834634 /* LaunchScreen.storyboard */ = {
			isa = PBXVariantGroup;
			children = (
				10DA09201BBAB6A100834634 /* Base */,
			);
			name = LaunchScreen.storyboard;
			sourceTree = "<group>";
		};
/* End PBXVariantGroup section */

/* Begin XCBuildConfiguration section */
		10DA09391BBAB6A100834634 /* Debug */ = {
			isa = XCBuildConfiguration;
			buildSettings = {
				ALWAYS_SEARCH_USER_PATHS = NO;
				CLANG_CXX_LANGUAGE_STANDARD = "gnu++0x";
				CLANG_CXX_LIBRARY = "libc++";
				CLANG_ENABLE_MODULES = YES;
				CLANG_ENABLE_OBJC_ARC = YES;
				CLANG_WARN_BOOL_CONVERSION = YES;
				CLANG_WARN_CONSTANT_CONVERSION = YES;
				CLANG_WARN_DIRECT_OBJC_ISA_USAGE = YES_ERROR;
				CLANG_WARN_EMPTY_BODY = YES;
				CLANG_WARN_ENUM_CONVERSION = YES;
				CLANG_WARN_INT_CONVERSION = YES;
				CLANG_WARN_OBJC_ROOT_CLASS = YES_ERROR;
				CLANG_WARN_UNREACHABLE_CODE = YES;
				CLANG_WARN__DUPLICATE_METHOD_MATCH = YES;
				"CODE_SIGN_IDENTITY[sdk=iphoneos*]" = "iPhone Developer";
				COPY_PHASE_STRIP = NO;
				DEBUG_INFORMATION_FORMAT = dwarf;
				ENABLE_STRICT_OBJC_MSGSEND = YES;
				ENABLE_TESTABILITY = YES;
				GCC_C_LANGUAGE_STANDARD = gnu99;
				GCC_DYNAMIC_NO_PIC = NO;
				GCC_NO_COMMON_BLOCKS = YES;
				GCC_OPTIMIZATION_LEVEL = 0;
				GCC_PREPROCESSOR_DEFINITIONS = (
					"DEBUG=1",
					"$(inherited)",
				);
				GCC_WARN_64_TO_32_BIT_CONVERSION = YES;
				GCC_WARN_ABOUT_RETURN_TYPE = YES_ERROR;
				GCC_WARN_UNDECLARED_SELECTOR = YES;
				GCC_WARN_UNINITIALIZED_AUTOS = YES_AGGRESSIVE;
				GCC_WARN_UNUSED_FUNCTION = YES;
				GCC_WARN_UNUSED_VARIABLE = YES;
				IPHONEOS_DEPLOYMENT_TARGET = 9.0;
				MTL_ENABLE_DEBUG_INFO = YES;
				ONLY_ACTIVE_ARCH = YES;
				SDKROOT = iphoneos;
				TARGETED_DEVICE_FAMILY = "1,2";
			};
			name = Debug;
		};
		10DA093A1BBAB6A100834634 /* Release */ = {
			isa = XCBuildConfiguration;
			buildSettings = {
				ALWAYS_SEARCH_USER_PATHS = NO;
				CLANG_CXX_LANGUAGE_STANDARD = "gnu++0x";
				CLANG_CXX_LIBRARY = "libc++";
				CLANG_ENABLE_MODULES = YES;
				CLANG_ENABLE_OBJC_ARC = YES;
				CLANG_WARN_BOOL_CONVERSION = YES;
				CLANG_WARN_CONSTANT_CONVERSION = YES;
				CLANG_WARN_DIRECT_OBJC_ISA_USAGE = YES_ERROR;
				CLANG_WARN_EMPTY_BODY = YES;
				CLANG_WARN_ENUM_CONVERSION = YES;
				CLANG_WARN_INT_CONVERSION = YES;
				CLANG_WARN_OBJC_ROOT_CLASS = YES_ERROR;
				CLANG_WARN_UNREACHABLE_CODE = YES;
				CLANG_WARN__DUPLICATE_METHOD_MATCH = YES;
				"CODE_SIGN_IDENTITY[sdk=iphoneos*]" = "iPhone Developer";
				COPY_PHASE_STRIP = NO;
				DEBUG_INFORMATION_FORMAT = "dwarf-with-dsym";
				ENABLE_NS_ASSERTIONS = NO;
				ENABLE_STRICT_OBJC_MSGSEND = YES;
				GCC_C_LANGUAGE_STANDARD = gnu99;
				GCC_NO_COMMON_BLOCKS = YES;
				GCC_WARN_64_TO_32_BIT_CONVERSION = YES;
				GCC_WARN_ABOUT_RETURN_TYPE = YES_ERROR;
				GCC_WARN_UNDECLARED_SELECTOR = YES;
				GCC_WARN_UNINITIALIZED_AUTOS = YES_AGGRESSIVE;
				GCC_WARN_UNUSED_FUNCTION = YES;
				GCC_WARN_UNUSED_VARIABLE = YES;
				IPHONEOS_DEPLOYMENT_TARGET = 9.0;
				MTL_ENABLE_DEBUG_INFO = NO;
				SDKROOT = iphoneos;
				TARGETED_DEVICE_FAMILY = "1,2";
				VALIDATE_PRODUCT = YES;
			};
			name = Release;
		};
		10DA093C1BBAB6A100834634 /* Debug */ = {
			isa = XCBuildConfiguration;
			buildSettings = {
				ASSETCATALOG_COMPILER_APPICON_NAME = AppIcon;
				INFOPLIST_FILE = SingletonPattern/Info.plist;
				LD_RUNPATH_SEARCH_PATHS = "$(inherited) @executable_path/Frameworks";
				PRODUCT_BUNDLE_IDENTIFIER = com.YouXianMing.SingletonPattern;
				PRODUCT_NAME = "$(TARGET_NAME)";
			};
			name = Debug;
		};
		10DA093D1BBAB6A100834634 /* Release */ = {
			isa = XCBuildConfiguration;
			buildSettings = {
				ASSETCATALOG_COMPILER_APPICON_NAME = AppIcon;
				INFOPLIST_FILE = SingletonPattern/Info.plist;
				LD_RUNPATH_SEARCH_PATHS = "$(inherited) @executable_path/Frameworks";
				PRODUCT_BUNDLE_IDENTIFIER = com.YouXianMing.SingletonPattern;
				PRODUCT_NAME = "$(TARGET_NAME)";
			};
			name = Release;
		};
		10DA093F1BBAB6A100834634 /* Debug */ = {
			isa = XCBuildConfiguration;
			buildSettings = {
				BUNDLE_LOADER = "$(TEST_HOST)";
				INFOPLIST_FILE = SingletonPatternTests/Info.plist;
				LD_RUNPATH_SEARCH_PATHS = "$(inherited) @executable_path/Frameworks @loader_path/Frameworks";
				PRODUCT_BUNDLE_IDENTIFIER = com.YouXianMing.SingletonPatternTests;
				PRODUCT_NAME = "$(TARGET_NAME)";
				TEST_HOST = "$(BUILT_PRODUCTS_DIR)/SingletonPattern.app/SingletonPattern";
			};
			name = Debug;
		};
		10DA09401BBAB6A100834634 /* Release */ = {
			isa = XCBuildConfiguration;
			buildSettings = {
				BUNDLE_LOADER = "$(TEST_HOST)";
				INFOPLIST_FILE = SingletonPatternTests/Info.plist;
				LD_RUNPATH_SEARCH_PATHS = "$(inherited) @executable_path/Frameworks @loader_path/Frameworks";
				PRODUCT_BUNDLE_IDENTIFIER = com.YouXianMing.SingletonPatternTests;
				PRODUCT_NAME = "$(TARGET_NAME)";
				TEST_HOST = "$(BUILT_PRODUCTS_DIR)/SingletonPattern.app/SingletonPattern";
			};
			name = Release;
		};
		10DA09421BBAB6A100834634 /* Debug */ = {
			isa = XCBuildConfiguration;
			buildSettings = {
				INFOPLIST_FILE = SingletonPatternUITests/Info.plist;
				LD_RUNPATH_SEARCH_PATHS = "$(inherited) @executable_path/Frameworks @loader_path/Frameworks";
				PRODUCT_BUNDLE_IDENTIFIER = com.YouXianMing.SingletonPatternUITests;
				PRODUCT_NAME = "$(TARGET_NAME)";
				TEST_TARGET_NAME = SingletonPattern;
				USES_XCTRUNNER = YES;
			};
			name = Debug;
		};
		10DA09431BBAB6A100834634 /* Release */ = {
			isa = XCBuildConfiguration;
			buildSettings = {
				INFOPLIST_FILE = SingletonPatternUITests/Info.plist;
				LD_RUNPATH_SEARCH_PATHS = "$(inherited) @executable_path/Frameworks @loader_path/Frameworks";
				PRODUCT_BUNDLE_IDENTIFIER = com.YouXianMing.SingletonPatternUITests;
				PRODUCT_NAME = "$(TARGET_NAME)";
				TEST_TARGET_NAME = SingletonPattern;
				USES_XCTRUNNER = YES;
			};
			name = Release;
		};
/* End XCBuildConfiguration section */

/* Begin XCConfigurationList section */
		10DA09091BBAB6A100834634 /* Build configuration list for PBXProject "SingletonPattern" */ = {
			isa = XCConfigurationList;
			buildConfigurations = (
				10DA09391BBAB6A100834634 /* Debug */,
				10DA093A1BBAB6A100834634 /* Release */,
			);
			defaultConfigurationIsVisible = 0;
			defaultConfigurationName = Release;
		};
		10DA093B1BBAB6A100834634 /* Build configuration list for PBXNativeTarget "SingletonPattern" */ = {
			isa = XCConfigurationList;
			buildConfigurations = (
				10DA093C1BBAB6A100834634 /* Debug */,
				10DA093D1BBAB6A100834634 /* Release */,
			);
			defaultConfigurationIsVisible = 0;
		};
		10DA093E1BBAB6A100834634 /* Build configuration list for PBXNativeTarget "SingletonPatternTests" */ = {
			isa = XCConfigurationList;
			buildConfigurations = (
				10DA093F1BBAB6A100834634 /* Debug */,
				10DA09401BBAB6A100834634 /* Release */,
			);
			defaultConfigurationIsVisible = 0;
		};
		10DA09411BBAB6A100834634 /* Build configuration list for PBXNativeTarget "SingletonPatternUITests" */ = {
			isa = XCConfigurationList;
			buildConfigurations = (
				10DA09421BBAB6A100834634 /* Debug */,
				10DA09431BBAB6A100834634 /* Release */,
			);
			defaultConfigurationIsVisible = 0;
		};
/* End XCConfigurationList section */
	};
	rootObject = 10DA09061BBAB6A100834634 /* Project object */;
}
